
Microsoft Visual Studio Solution File, Format Version 12.00
# Visual Studio Version 16
VisualStudioVersion = 16.0.30320.27
MinimumVisualStudioVersion = 10.0.40219.1
Project("{8BC9CEB8-8B4A-11D0-8D11-00A0C91BC942}") = "01Week1", "01Week1\01Week1.vcxproj", "{5673AD0C-70EF-4280-9B74-8D101D6018C6}"
EndProject
Global
	GlobalSection(SolutionConfigurationPlatforms) = preSolution
		Debug|x64 = Debug|x64
		Debug|x86 = Debug|x86
		Release|x64 = Release|x64
		Release|x86 = Release|x86
	EndGlobalSection
	GlobalSection(ProjectConfigurationPlatforms) = postSolution
		{5673AD0C-70EF-4280-9B74-8D101D6018C6}.Debug|x64.ActiveCfg = Debug|x64
		{5673AD0C-70EF-4280-9B74-8D101D6018C6}.Debug|x64.Build.0 = Debug|x64
		{5673AD0C-70EF-4280-9B74-8D101D6018C6}.Debug|x86.ActiveCfg = Debug|Win32
		{5673AD0C-70EF-4280-9B74-8D101D6018C6}.Debug|x86.Build.0 = Debug|Win32
		{5673AD0C-70EF-4280-9B74-8D101D6018C6}.Release|x64.ActiveCfg = Release|x64
		{5673AD0C-70EF-4280-9B74-8D101D6018C6}.Release|x64.Build.0 = Release|x64
		{5673AD0C-70EF-4280-9B74-8D101D6018C6}.Release|x86.ActiveCfg = Release|Win32
		{5673AD0C-70EF-4280-9B74-8D101D6018C6}.Release|x86.Build.0 = Release|Win32
	EndGlobalSection
	GlobalSection(SolutionProperties) = preSolution
		HideSolutionNode = FALSE
	EndGlobalSection
	GlobalSection(ExtensibilityGlobals) = postSolution
		SolutionGuid = {D65AB0E5-05DF-4338-BF8D-1536B32D3CD5}
	EndGlobalSection
EndGlobal
